// !$*UTF8*$!
{
	archiveVersion = 1;
	classes = {
	};
	objectVersion = 56;
	objects = {

/* Begin PBXBuildFile section */
		6331215129EA5CDD00F6E983 /* ItemDetail.swift in Sources */ = {isa = PBXBuildFile; fileRef = 6331215029EA5CDD00F6E983 /* ItemDetail.swift */; };
		6375A2BF29E923AA005AEBFF /* Rick_MortyAPIApp.swift in Sources */ = {isa = PBXBuildFile; fileRef = 6375A2BE29E923AA005AEBFF /* Rick_MortyAPIApp.swift */; };
		6375A2C129E923AA005AEBFF /* ContentView.swift in Sources */ = {isa = PBXBuildFile; fileRef = 6375A2C029E923AA005AEBFF /* ContentView.swift */; };
		6375A2C329E923AD005AEBFF /* Assets.xcassets in Resources */ = {isa = PBXBuildFile; fileRef = 6375A2C229E923AD005AEBFF /* Assets.xcassets */; };
		6375A2C629E923AD005AEBFF /* Preview Assets.xcassets in Resources */ = {isa = PBXBuildFile; fileRef = 6375A2C529E923AD005AEBFF /* Preview Assets.xcassets */; };
		6375A2CD29E92400005AEBFF /* SearchResponse.swift in Sources */ = {isa = PBXBuildFile; fileRef = 6375A2CC29E92400005AEBFF /* SearchResponse.swift */; };
		6375A2D129E9275D005AEBFF /* HomeView.swift in Sources */ = {isa = PBXBuildFile; fileRef = 6375A2D029E9275D005AEBFF /* HomeView.swift */; };
		6375A2D329E92B5E005AEBFF /* HomeViewModel.swift in Sources */ = {isa = PBXBuildFile; fileRef = 6375A2D229E92B5E005AEBFF /* HomeViewModel.swift */; };
		6375A2D529E92D25005AEBFF /* SearchResultRow.swift in Sources */ = {isa = PBXBuildFile; fileRef = 6375A2D429E92D25005AEBFF /* SearchResultRow.swift */; };
		6375A2D729E92EB1005AEBFF /* SearchResultVM.swift in Sources */ = {isa = PBXBuildFile; fileRef = 6375A2D629E92EB1005AEBFF /* SearchResultVM.swift */; };
		7ADC791329EE9C7D00464D11 /* CharacterService.swift in Sources */ = {isa = PBXBuildFile; fileRef = 7ADC791229EE9C7D00464D11 /* CharacterService.swift */; };
		7ADC791B29EE9D9E00464D11 /* HomeViewModelTests.swift in Sources */ = {isa = PBXBuildFile; fileRef = 7ADC791A29EE9D9E00464D11 /* HomeViewModelTests.swift */; };
		7ADC792229EEA5A200464D11 /* MockCharacterService.swift in Sources */ = {isa = PBXBuildFile; fileRef = 7ADC792129EEA5A200464D11 /* MockCharacterService.swift */; };
/* End PBXBuildFile section */

/* Begin PBXContainerItemProxy section */
		7ADC791C29EE9D9E00464D11 /* PBXContainerItemProxy */ = {
			isa = PBXContainerItemProxy;
			containerPortal = 6375A2B329E923AA005AEBFF /* Project object */;
			proxyType = 1;
			remoteGlobalIDString = 6375A2BA29E923AA005AEBFF;
			remoteInfo = "Rick&MortyAPI";
		};
/* End PBXContainerItemProxy section */

/* Begin PBXFileReference section */
		6331215029EA5CDD00F6E983 /* ItemDetail.swift */ = {isa = PBXFileReference; lastKnownFileType = sourcecode.swift; path = ItemDetail.swift; sourceTree = "<group>"; };
		6375A2BB29E923AA005AEBFF /* Rick&MortyAPI.app */ = {isa = PBXFileReference; explicitFileType = wrapper.application; includeInIndex = 0; path = "Rick&MortyAPI.app"; sourceTree = BUILT_PRODUCTS_DIR; };
		6375A2BE29E923AA005AEBFF /* Rick_MortyAPIApp.swift */ = {isa = PBXFileReference; lastKnownFileType = sourcecode.swift; path = Rick_MortyAPIApp.swift; sourceTree = "<group>"; };
		6375A2C029E923AA005AEBFF /* ContentView.swift */ = {isa = PBXFileReference; lastKnownFileType = sourcecode.swift; path = ContentView.swift; sourceTree = "<group>"; };
		6375A2C229E923AD005AEBFF /* Assets.xcassets */ = {isa = PBXFileReference; lastKnownFileType = folder.assetcatalog; path = Assets.xcassets; sourceTree = "<group>"; };
		6375A2C529E923AD005AEBFF /* Preview Assets.xcassets */ = {isa = PBXFileReference; lastKnownFileType = folder.assetcatalog; path = "Preview Assets.xcassets"; sourceTree = "<group>"; };
		6375A2CC29E92400005AEBFF /* SearchResponse.swift */ = {isa = PBXFileReference; lastKnownFileType = sourcecode.swift; path = SearchResponse.swift; sourceTree = "<group>"; };
		6375A2D029E9275D005AEBFF /* HomeView.swift */ = {isa = PBXFileReference; lastKnownFileType = sourcecode.swift; path = HomeView.swift; sourceTree = "<group>"; };
		6375A2D229E92B5E005AEBFF /* HomeViewModel.swift */ = {isa = PBXFileReference; lastKnownFileType = sourcecode.swift; path = HomeViewModel.swift; sourceTree = "<group>"; };
		6375A2D429E92D25005AEBFF /* SearchResultRow.swift */ = {isa = PBXFileReference; lastKnownFileType = sourcecode.swift; path = SearchResultRow.swift; sourceTree = "<group>"; };
		6375A2D629E92EB1005AEBFF /* SearchResultVM.swift */ = {isa = PBXFileReference; lastKnownFileType = sourcecode.swift; path = SearchResultVM.swift; sourceTree = "<group>"; };
		7ADC791229EE9C7D00464D11 /* CharacterService.swift */ = {isa = PBXFileReference; lastKnownFileType = sourcecode.swift; path = CharacterService.swift; sourceTree = "<group>"; };
		7ADC791829EE9D9E00464D11 /* Rick&MortyAPITests.xctest */ = {isa = PBXFileReference; explicitFileType = wrapper.cfbundle; includeInIndex = 0; path = "Rick&MortyAPITests.xctest"; sourceTree = BUILT_PRODUCTS_DIR; };
		7ADC791A29EE9D9E00464D11 /* HomeViewModelTests.swift */ = {isa = PBXFileReference; lastKnownFileType = sourcecode.swift; path = HomeViewModelTests.swift; sourceTree = "<group>"; };
		7ADC792129EEA5A200464D11 /* MockCharacterService.swift */ = {isa = PBXFileReference; lastKnownFileType = sourcecode.swift; path = MockCharacterService.swift; sourceTree = "<group>"; };
/* End PBXFileReference section */

/* Begin PBXFrameworksBuildPhase section */
		6375A2B829E923AA005AEBFF /* Frameworks */ = {
			isa = PBXFrameworksBuildPhase;
			buildActionMask = 2147483647;
			files = (
			);
			runOnlyForDeploymentPostprocessing = 0;
		};
		7ADC791529EE9D9D00464D11 /* Frameworks */ = {
			isa = PBXFrameworksBuildPhase;
			buildActionMask = 2147483647;
			files = (
			);
			runOnlyForDeploymentPostprocessing = 0;
		};
/* End PBXFrameworksBuildPhase section */

/* Begin PBXGroup section */
		6375A2B229E923AA005AEBFF = {
			isa = PBXGroup;
			children = (
				6375A2BD29E923AA005AEBFF /* Rick&MortyAPI */,
				7ADC791929EE9D9E00464D11 /* Rick&MortyAPITests */,
				6375A2BC29E923AA005AEBFF /* Products */,
			);
			sourceTree = "<group>";
		};
		6375A2BC29E923AA005AEBFF /* Products */ = {
			isa = PBXGroup;
			children = (
				6375A2BB29E923AA005AEBFF /* Rick&MortyAPI.app */,
				7ADC791829EE9D9E00464D11 /* Rick&MortyAPITests.xctest */,
			);
			name = Products;
			sourceTree = "<group>";
		};
		6375A2BD29E923AA005AEBFF /* Rick&MortyAPI */ = {
			isa = PBXGroup;
			children = (
				6375A2BE29E923AA005AEBFF /* Rick_MortyAPIApp.swift */,
				6375A2C029E923AA005AEBFF /* ContentView.swift */,
				6375A2D029E9275D005AEBFF /* HomeView.swift */,
				6331215029EA5CDD00F6E983 /* ItemDetail.swift */,
				6375A2D429E92D25005AEBFF /* SearchResultRow.swift */,
				6375A2D629E92EB1005AEBFF /* SearchResultVM.swift */,
				6375A2D229E92B5E005AEBFF /* HomeViewModel.swift */,
				7ADC791229EE9C7D00464D11 /* CharacterService.swift */,
				6375A2CC29E92400005AEBFF /* SearchResponse.swift */,
				6375A2C229E923AD005AEBFF /* Assets.xcassets */,
				6375A2C429E923AD005AEBFF /* Preview Content */,
			);
			path = "Rick&MortyAPI";
			sourceTree = "<group>";
		};
		6375A2C429E923AD005AEBFF /* Preview Content */ = {
			isa = PBXGroup;
			children = (
				6375A2C529E923AD005AEBFF /* Preview Assets.xcassets */,
			);
			path = "Preview Content";
			sourceTree = "<group>";
		};
		7ADC791929EE9D9E00464D11 /* Rick&MortyAPITests */ = {
			isa = PBXGroup;
			children = (
				7ADC791A29EE9D9E00464D11 /* HomeViewModelTests.swift */,
				7ADC792129EEA5A200464D11 /* MockCharacterService.swift */,
			);
			path = "Rick&MortyAPITests";
			sourceTree = "<group>";
		};
/* End PBXGroup section */

/* Begin PBXNativeTarget section */
		6375A2BA29E923AA005AEBFF /* Rick&MortyAPI */ = {
			isa = PBXNativeTarget;
			buildConfigurationList = 6375A2C929E923AD005AEBFF /* Build configuration list for PBXNativeTarget "Rick&MortyAPI" */;
			buildPhases = (
				6375A2B729E923AA005AEBFF /* Sources */,
				6375A2B829E923AA005AEBFF /* Frameworks */,
				6375A2B929E923AA005AEBFF /* Resources */,
			);
			buildRules = (
			);
			dependencies = (
			);
			name = "Rick&MortyAPI";
			productName = "Rick&MortyAPI";
			productReference = 6375A2BB29E923AA005AEBFF /* Rick&MortyAPI.app */;
			productType = "com.apple.product-type.application";
		};
		7ADC791729EE9D9D00464D11 /* Rick&MortyAPITests */ = {
			isa = PBXNativeTarget;
			buildConfigurationList = 7ADC791E29EE9D9E00464D11 /* Build configuration list for PBXNativeTarget "Rick&MortyAPITests" */;
			buildPhases = (
				7ADC791429EE9D9D00464D11 /* Sources */,
				7ADC791529EE9D9D00464D11 /* Frameworks */,
				7ADC791629EE9D9D00464D11 /* Resources */,
			);
			buildRules = (
			);
			dependencies = (
				7ADC791D29EE9D9E00464D11 /* PBXTargetDependency */,
			);
			name = "Rick&MortyAPITests";
			productName = "Rick&MortyAPITests";
			productReference = 7ADC791829EE9D9E00464D11 /* Rick&MortyAPITests.xctest */;
			productType = "com.apple.product-type.bundle.unit-test";
		};
/* End PBXNativeTarget section */

/* Begin PBXProject section */
		6375A2B329E923AA005AEBFF /* Project object */ = {
			isa = PBXProject;
			attributes = {
				BuildIndependentTargetsInParallel = 1;
				LastSwiftUpdateCheck = 1430;
				LastUpgradeCheck = 1420;
				TargetAttributes = {
					6375A2BA29E923AA005AEBFF = {
						CreatedOnToolsVersion = 14.2;
					};
					7ADC791729EE9D9D00464D11 = {
						CreatedOnToolsVersion = 14.3;
						TestTargetID = 6375A2BA29E923AA005AEBFF;
					};
				};
			};
			buildConfigurationList = 6375A2B629E923AA005AEBFF /* Build configuration list for PBXProject "Rick&MortyAPI" */;
			compatibilityVersion = "Xcode 14.0";
			developmentRegion = en;
			hasScannedForEncodings = 0;
			knownRegions = (
				en,
				Base,
			);
			mainGroup = 6375A2B229E923AA005AEBFF;
			productRefGroup = 6375A2BC29E923AA005AEBFF /* Products */;
			projectDirPath = "";
			projectRoot = "";
			targets = (
				6375A2BA29E923AA005AEBFF /* Rick&MortyAPI */,
				7ADC791729EE9D9D00464D11 /* Rick&MortyAPITests */,
			);
		};
/* End PBXProject section */

/* Begin PBXResourcesBuildPhase section */
		6375A2B929E923AA005AEBFF /* Resources */ = {
			isa = PBXResourcesBuildPhase;
			buildActionMask = 2147483647;
			files = (
				6375A2C629E923AD005AEBFF /* Preview Assets.xcassets in Resources */,
				6375A2C329E923AD005AEBFF /* Assets.xcassets in Resources */,
			);
			runOnlyForDeploymentPostprocessing = 0;
		};
		7ADC791629EE9D9D00464D11 /* Resources */ = {
			isa = PBXResourcesBuildPhase;
			buildActionMask = 2147483647;
			files = (
			);
			runOnlyForDeploymentPostprocessing = 0;
		};
/* End PBXResourcesBuildPhase section */

/* Begin PBXSourcesBuildPhase section */
		6375A2B729E923AA005AEBFF /* Sources */ = {
			isa = PBXSourcesBuildPhase;
			buildActionMask = 2147483647;
			files = (
				6375A2C129E923AA005AEBFF /* ContentView.swift in Sources */,
				6375A2D129E9275D005AEBFF /* HomeView.swift in Sources */,
				6375A2BF29E923AA005AEBFF /* Rick_MortyAPIApp.swift in Sources */,
				6375A2D729E92EB1005AEBFF /* SearchResultVM.swift in Sources */,
				6375A2D329E92B5E005AEBFF /* HomeViewModel.swift in Sources */,
				6331215129EA5CDD00F6E983 /* ItemDetail.swift in Sources */,
				7ADC791329EE9C7D00464D11 /* CharacterService.swift in Sources */,
				6375A2CD29E92400005AEBFF /* SearchResponse.swift in Sources */,
				6375A2D529E92D25005AEBFF /* SearchResultRow.swift in Sources */,
			);
			runOnlyForDeploymentPostprocessing = 0;
		};
		7ADC791429EE9D9D00464D11 /* Sources */ = {
			isa = PBXSourcesBuildPhase;
			buildActionMask = 2147483647;
			files = (
				7ADC791B29EE9D9E00464D11 /* HomeViewModelTests.swift in Sources */,
				7ADC792229EEA5A200464D11 /* MockCharacterService.swift in Sources */,
			);
			runOnlyForDeploymentPostprocessing = 0;
		};
/* End PBXSourcesBuildPhase section */

/* Begin PBXTargetDependency section */
		7ADC791D29EE9D9E00464D11 /* PBXTargetDependency */ = {
			isa = PBXTargetDependency;
			target = 6375A2BA29E923AA005AEBFF /* Rick&MortyAPI */;
			targetProxy = 7ADC791C29EE9D9E00464D11 /* PBXContainerItemProxy */;
		};
/* End PBXTargetDependency section */

/* Begin XCBuildConfiguration section */
		6375A2C729E923AD005AEBFF /* Debug */ = {
			isa = XCBuildConfiguration;
			buildSettings = {
				ALWAYS_SEARCH_USER_PATHS = NO;
				CLANG_ANALYZER_NONNULL = YES;
				CLANG_ANALYZER_NUMBER_OBJECT_CONVERSION = YES_AGGRESSIVE;
				CLANG_CXX_LANGUAGE_STANDARD = "gnu++20";
				CLANG_ENABLE_MODULES = YES;
				CLANG_ENABLE_OBJC_ARC = YES;
				CLANG_ENABLE_OBJC_WEAK = YES;
				CLANG_WARN_BLOCK_CAPTURE_AUTORELEASING = YES;
				CLANG_WARN_BOOL_CONVERSION = YES;
				CLANG_WARN_COMMA = YES;
				CLANG_WARN_CONSTANT_CONVERSION = YES;
				CLANG_WARN_DEPRECATED_OBJC_IMPLEMENTATIONS = YES;
				CLANG_WARN_DIRECT_OBJC_ISA_USAGE = YES_ERROR;
				CLANG_WARN_DOCUMENTATION_COMMENTS = YES;
				CLANG_WARN_EMPTY_BODY = YES;
				CLANG_WARN_ENUM_CONVERSION = YES;
				CLANG_WARN_INFINITE_RECURSION = YES;
				CLANG_WARN_INT_CONVERSION = YES;
				CLANG_WARN_NON_LITERAL_NULL_CONVERSION = YES;
				CLANG_WARN_OBJC_IMPLICIT_RETAIN_SELF = YES;
				CLANG_WARN_OBJC_LITERAL_CONVERSION = YES;
				CLANG_WARN_OBJC_ROOT_CLASS = YES_ERROR;
				CLANG_WARN_QUOTED_INCLUDE_IN_FRAMEWORK_HEADER = YES;
				CLANG_WARN_RANGE_LOOP_ANALYSIS = YES;
				CLANG_WARN_STRICT_PROTOTYPES = YES;
				CLANG_WARN_SUSPICIOUS_MOVE = YES;
				CLANG_WARN_UNGUARDED_AVAILABILITY = YES_AGGRESSIVE;
				CLANG_WARN_UNREACHABLE_CODE = YES;
				CLANG_WARN__DUPLICATE_METHOD_MATCH = YES;
				COPY_PHASE_STRIP = NO;
				DEBUG_INFORMATION_FORMAT = dwarf;
				ENABLE_STRICT_OBJC_MSGSEND = YES;
				ENABLE_TESTABILITY = YES;
				GCC_C_LANGUAGE_STANDARD = gnu11;
				GCC_DYNAMIC_NO_PIC = NO;
				GCC_NO_COMMON_BLOCKS = YES;
				GCC_OPTIMIZATION_LEVEL = 0;
				GCC_PREPROCESSOR_DEFINITIONS = (
					"DEBUG=1",
					"$(inherited)",
				);
				GCC_WARN_64_TO_32_BIT_CONVERSION = YES;
				GCC_WARN_ABOUT_RETURN_TYPE = YES_ERROR;
				GCC_WARN_UNDECLARED_SELECTOR = YES;
				GCC_WARN_UNINITIALIZED_AUTOS = YES_AGGRESSIVE;
				GCC_WARN_UNUSED_FUNCTION = YES;
				GCC_WARN_UNUSED_VARIABLE = YES;
				IPHONEOS_DEPLOYMENT_TARGET = 16.2;
				MTL_ENABLE_DEBUG_INFO = INCLUDE_SOURCE;
				MTL_FAST_MATH = YES;
				ONLY_ACTIVE_ARCH = YES;
				SDKROOT = iphoneos;
				SWIFT_ACTIVE_COMPILATION_CONDITIONS = DEBUG;
				SWIFT_OPTIMIZATION_LEVEL = "-Onone";
			};
			name = Debug;
		};
		6375A2C829E923AD005AEBFF /* Release */ = {
			isa = XCBuildConfiguration;
			buildSettings = {
				ALWAYS_SEARCH_USER_PATHS = NO;
				CLANG_ANALYZER_NONNULL = YES;
				CLANG_ANALYZER_NUMBER_OBJECT_CONVERSION = YES_AGGRESSIVE;
				CLANG_CXX_LANGUAGE_STANDARD = "gnu++20";
				CLANG_ENABLE_MODULES = YES;
				CLANG_ENABLE_OBJC_ARC = YES;
				CLANG_ENABLE_OBJC_WEAK = YES;
				CLANG_WARN_BLOCK_CAPTURE_AUTORELEASING = YES;
				CLANG_WARN_BOOL_CONVERSION = YES;
				CLANG_WARN_COMMA = YES;
				CLANG_WARN_CONSTANT_CONVERSION = YES;
				CLANG_WARN_DEPRECATED_OBJC_IMPLEMENTATIONS = YES;
				CLANG_WARN_DIRECT_OBJC_ISA_USAGE = YES_ERROR;
				CLANG_WARN_DOCUMENTATION_COMMENTS = YES;
				CLANG_WARN_EMPTY_BODY = YES;
				CLANG_WARN_ENUM_CONVERSION = YES;
				CLANG_WARN_INFINITE_RECURSION = YES;
				CLANG_WARN_INT_CONVERSION = YES;
				CLANG_WARN_NON_LITERAL_NULL_CONVERSION = YES;
				CLANG_WARN_OBJC_IMPLICIT_RETAIN_SELF = YES;
				CLANG_WARN_OBJC_LITERAL_CONVERSION = YES;
				CLANG_WARN_OBJC_ROOT_CLASS = YES_ERROR;
				CLANG_WARN_QUOTED_INCLUDE_IN_FRAMEWORK_HEADER = YES;
				CLANG_WARN_RANGE_LOOP_ANALYSIS = YES;
				CLANG_WARN_STRICT_PROTOTYPES = YES;
				CLANG_WARN_SUSPICIOUS_MOVE = YES;
				CLANG_WARN_UNGUARDED_AVAILABILITY = YES_AGGRESSIVE;
				CLANG_WARN_UNREACHABLE_CODE = YES;
				CLANG_WARN__DUPLICATE_METHOD_MATCH = YES;
				COPY_PHASE_STRIP = NO;
				DEBUG_INFORMATION_FORMAT = "dwarf-with-dsym";
				ENABLE_NS_ASSERTIONS = NO;
				ENABLE_STRICT_OBJC_MSGSEND = YES;
				GCC_C_LANGUAGE_STANDARD = gnu11;
				GCC_NO_COMMON_BLOCKS = YES;
				GCC_WARN_64_TO_32_BIT_CONVERSION = YES;
				GCC_WARN_ABOUT_RETURN_TYPE = YES_ERROR;
				GCC_WARN_UNDECLARED_SELECTOR = YES;
				GCC_WARN_UNINITIALIZED_AUTOS = YES_AGGRESSIVE;
				GCC_WARN_UNUSED_FUNCTION = YES;
				GCC_WARN_UNUSED_VARIABLE = YES;
				IPHONEOS_DEPLOYMENT_TARGET = 16.2;
				MTL_ENABLE_DEBUG_INFO = NO;
				MTL_FAST_MATH = YES;
				SDKROOT = iphoneos;
				SWIFT_COMPILATION_MODE = wholemodule;
				SWIFT_OPTIMIZATION_LEVEL = "-O";
				VALIDATE_PRODUCT = YES;
			};
			name = Release;
		};
		6375A2CA29E923AD005AEBFF /* Debug */ = {
			isa = XCBuildConfiguration;
			buildSettings = {
				ASSETCATALOG_COMPILER_APPICON_NAME = AppIcon;
				ASSETCATALOG_COMPILER_GLOBAL_ACCENT_COLOR_NAME = AccentColor;
				CODE_SIGN_STYLE = Automatic;
				CURRENT_PROJECT_VERSION = 1;
				DEVELOPMENT_ASSET_PATHS = "\"Rick&MortyAPI/Preview Content\"";
				DEVELOPMENT_TEAM = SZS52P74VP;
				ENABLE_PREVIEWS = YES;
				GENERATE_INFOPLIST_FILE = YES;
				INFOPLIST_KEY_UIApplicationSceneManifest_Generation = YES;
				INFOPLIST_KEY_UIApplicationSupportsIndirectInputEvents = YES;
				INFOPLIST_KEY_UILaunchScreen_Generation = YES;
				INFOPLIST_KEY_UISupportedInterfaceOrientations_iPad = "UIInterfaceOrientationPortrait UIInterfaceOrientationPortraitUpsideDown UIInterfaceOrientationLandscapeLeft UIInterfaceOrientationLandscapeRight";
				INFOPLIST_KEY_UISupportedInterfaceOrientations_iPhone = "UIInterfaceOrientationPortrait UIInterfaceOrientationLandscapeLeft UIInterfaceOrientationLandscapeRight";
				LD_RUNPATH_SEARCH_PATHS = (
					"$(inherited)",
					"@executable_path/Frameworks",
				);
				MARKETING_VERSION = 1.0;
				PRODUCT_BUNDLE_IDENTIFIER = "com.rauldelahera.Rick-MortyAPI";
				PRODUCT_NAME = "$(TARGET_NAME)";
				SWIFT_EMIT_LOC_STRINGS = YES;
				SWIFT_VERSION = 5.0;
				TARGETED_DEVICE_FAMILY = "1,2";
			};
			name = Debug;
		};
		6375A2CB29E923AD005AEBFF /* Release */ = {
			isa = XCBuildConfiguration;
			buildSettings = {
				ASSETCATALOG_COMPILER_APPICON_NAME = AppIcon;
				ASSETCATALOG_COMPILER_GLOBAL_ACCENT_COLOR_NAME = AccentColor;
				CODE_SIGN_STYLE = Automatic;
				CURRENT_PROJECT_VERSION = 1;
				DEVELOPMENT_ASSET_PATHS = "\"Rick&MortyAPI/Preview Content\"";
				DEVELOPMENT_TEAM = SZS52P74VP;
				ENABLE_PREVIEWS = YES;
				GENERATE_INFOPLIST_FILE = YES;
				INFOPLIST_KEY_UIApplicationSceneManifest_Generation = YES;
				INFOPLIST_KEY_UIApplicationSupportsIndirectInputEvents = YES;
				INFOPLIST_KEY_UILaunchScreen_Generation = YES;
				INFOPLIST_KEY_UISupportedInterfaceOrientations_iPad = "UIInterfaceOrientationPortrait UIInterfaceOrientationPortraitUpsideDown UIInterfaceOrientationLandscapeLeft UIInterfaceOrientationLandscapeRight";
				INFOPLIST_KEY_UISupportedInterfaceOrientations_iPhone = "UIInterfaceOrientationPortrait UIInterfaceOrientationLandscapeLeft UIInterfaceOrientationLandscapeRight";
				LD_RUNPATH_SEARCH_PATHS = (
					"$(inherited)",
					"@executable_path/Frameworks",
				);
				MARKETING_VERSION = 1.0;
				PRODUCT_BUNDLE_IDENTIFIER = "com.rauldelahera.Rick-MortyAPI";
				PRODUCT_NAME = "$(TARGET_NAME)";
				SWIFT_EMIT_LOC_STRINGS = YES;
				SWIFT_VERSION = 5.0;
				TARGETED_DEVICE_FAMILY = "1,2";
			};
			name = Release;
		};
		7ADC791F29EE9D9E00464D11 /* Debug */ = {
			isa = XCBuildConfiguration;
			buildSettings = {
				BUNDLE_LOADER = "$(TEST_HOST)";
				CODE_SIGN_STYLE = Automatic;
				CURRENT_PROJECT_VERSION = 1;
				DEVELOPMENT_TEAM = 6U9DM54QH2;
				GENERATE_INFOPLIST_FILE = YES;
				IPHONEOS_DEPLOYMENT_TARGET = 16.4;
				MARKETING_VERSION = 1.0;
				PRODUCT_BUNDLE_IDENTIFIER = "com.dludlow.Rick-MortyAPITests";
				PRODUCT_NAME = "$(TARGET_NAME)";
				SWIFT_EMIT_LOC_STRINGS = NO;
				SWIFT_VERSION = 5.0;
				TARGETED_DEVICE_FAMILY = "1,2";
				TEST_HOST = "$(BUILT_PRODUCTS_DIR)/Rick&MortyAPI.app/$(BUNDLE_EXECUTABLE_FOLDER_PATH)/Rick&MortyAPI";
			};
			name = Debug;
		};
		7ADC792029EE9D9E00464D11 /* Release */ = {
			isa = XCBuildConfiguration;
			buildSettings = {
				BUNDLE_LOADER = "$(TEST_HOST)";
				CODE_SIGN_STYLE = Automatic;
				CURRENT_PROJECT_VERSION = 1;
				DEVELOPMENT_TEAM = 6U9DM54QH2;
				GENERATE_INFOPLIST_FILE = YES;
				IPHONEOS_DEPLOYMENT_TARGET = 16.4;
				MARKETING_VERSION = 1.0;
				PRODUCT_BUNDLE_IDENTIFIER = "com.dludlow.Rick-MortyAPITests";
				PRODUCT_NAME = "$(TARGET_NAME)";
				SWIFT_EMIT_LOC_STRINGS = NO;
				SWIFT_VERSION = 5.0;
				TARGETED_DEVICE_FAMILY = "1,2";
				TEST_HOST = "$(BUILT_PRODUCTS_DIR)/Rick&MortyAPI.app/$(BUNDLE_EXECUTABLE_FOLDER_PATH)/Rick&MortyAPI";
			};
			name = Release;
		};
/* End XCBuildConfiguration section */

/* Begin XCConfigurationList section */
		6375A2B629E923AA005AEBFF /* Build configuration list for PBXProject "Rick&MortyAPI" */ = {
			isa = XCConfigurationList;
			buildConfigurations = (
				6375A2C729E923AD005AEBFF /* Debug */,
				6375A2C829E923AD005AEBFF /* Release */,
			);
			defaultConfigurationIsVisible = 0;
			defaultConfigurationName = Release;
		};
		6375A2C929E923AD005AEBFF /* Build configuration list for PBXNativeTarget "Rick&MortyAPI" */ = {
			isa = XCConfigurationList;
			buildConfigurations = (
				6375A2CA29E923AD005AEBFF /* Debug */,
				6375A2CB29E923AD005AEBFF /* Release */,
			);
			defaultConfigurationIsVisible = 0;
			defaultConfigurationName = Release;
		};
		7ADC791E29EE9D9E00464D11 /* Build configuration list for PBXNativeTarget "Rick&MortyAPITests" */ = {
			isa = XCConfigurationList;
			buildConfigurations = (
				7ADC791F29EE9D9E00464D11 /* Debug */,
				7ADC792029EE9D9E00464D11 /* Release */,
			);
			defaultConfigurationIsVisible = 0;
			defaultConfigurationName = Release;
		};
/* End XCConfigurationList section */
	};
	rootObject = 6375A2B329E923AA005AEBFF /* Project object */;
}
